lockfileVersion: '6.0'

settings:
  autoInstallPeers: true
  excludeLinksFromLockfile: false

dependencies:
  nodemailer:
    specifier: ^6.4.11
    version: 6.9.5

packages:

  /nodemailer@6.9.5:
    resolution: {integrity: sha512-/dmdWo62XjumuLc5+AYQZeiRj+PRR8y8qKtFCOyuOl1k/hckZd8durUUHs/ucKx6/8kN+wFxqKJlQ/LK/qR5FA==}
    engines: {node: '>=6.0.0'}
    dev: false
